
Microsoft Visual Studio Solution File, Format Version 12.00
# Visual Studio Version 17
VisualStudioVersion = 17.14.37301.10 d17.14
MinimumVisualStudioVersion = 10.0.40219.1
Project("{FAE04EC0-301F-11D3-BF4B-00C04F79EFBC}") = "GHomeBlazor", "GHomeBlazor\GHomeBlazor.csproj", "{618CB231-53E5-4681-858F-7129D6469EE9}"
EndProject
Project("{2150E333-8FDC-42A3-9474-1A3956D46DE8}") = "ソリューション項目", "ソリューション項目", "{2022CB0F-8BAF-F49E-0C48-8EF4C96EC109}"
	ProjectSection(SolutionItems) = preProject
		publish.cmd = publish.cmd
		README.md = README.md
	EndProjectSection
EndProject
Project("{2150E333-8FDC-42A3-9474-1A3956D46DE8}") = ".github", ".github", "{DDB4EF12-CC4E-5E88-E6FC-71A802F4DE97}"
EndProject
Project("{2150E333-8FDC-42A3-9474-1A3956D46DE8}") = "workflows", "workflows", "{C7268DB3-0F7C-407D-B1DD-400B7DEAB91F}"
	ProjectSection(SolutionItems) = preProject
		gh-pages.yml = gh-pages.yml
	EndProjectSection
EndProject
Global
	GlobalSection(SolutionConfigurationPlatforms) = preSolution
		Debug|Any CPU = Debug|Any CPU
		Release|Any CPU = Release|Any CPU
	EndGlobalSection
	GlobalSection(ProjectConfigurationPlatforms) = postSolution
		{618CB231-53E5-4681-858F-7129D6469EE9}.Debug|Any CPU.ActiveCfg = Debug|Any CPU
		{618CB231-53E5-4681-858F-7129D6469EE9}.Debug|Any CPU.Build.0 = Debug|Any CPU
		{618CB231-53E5-4681-858F-7129D6469EE9}.Release|Any CPU.ActiveCfg = Release|Any CPU
		{618CB231-53E5-4681-858F-7129D6469EE9}.Release|Any CPU.Build.0 = Release|Any CPU
	EndGlobalSection
	GlobalSection(SolutionProperties) = preSolution
		HideSolutionNode = FALSE
	EndGlobalSection
	GlobalSection(NestedProjects) = preSolution
		{C7268DB3-0F7C-407D-B1DD-400B7DEAB91F} = {DDB4EF12-CC4E-5E88-E6FC-71A802F4DE97}
	EndGlobalSection
	GlobalSection(ExtensibilityGlobals) = postSolution
		SolutionGuid = {B079AFF7-94EC-4E26-8450-5732AD1C9262}
	EndGlobalSection
EndGlobal
